
Microsoft Visual Studio Solution File, Format Version 12.00
# Visual Studio 2012
Project("{D954291E-2A0B-460D-934E-DC6B0785DB48}") = "GoogleMapsUtilsDemo", "GoogleMapsUtilsDemo\GoogleMapsUtilsDemo.shproj", "{BA78A0E1-F167-4900-96FE-4152A6BCEF02}"
EndProject
Project("{FAE04EC0-301F-11D3-BF4B-00C04F79EFBC}") = "GoogleMapsUtilsDemo.iOS", "iOS\GoogleMapsUtilsDemo.iOS.csproj", "{426D2EA2-D92F-4D11-B78D-A823CAB8FE0D}"
EndProject
Project("{FAE04EC0-301F-11D3-BF4B-00C04F79EFBC}") = "GoogleMapsUtilsDemo.Droid", "Droid\GoogleMapsUtilsDemo.Droid.csproj", "{344A4355-6F11-4C94-BCF8-8979C5A24223}"
EndProject
Global
	GlobalSection(SolutionConfigurationPlatforms) = preSolution
		Debug|iPhoneSimulator = Debug|iPhoneSimulator
		Release|iPhone = Release|iPhone
		Release|iPhoneSimulator = Release|iPhoneSimulator
		Debug|iPhone = Debug|iPhone
		Debug|Any CPU = Debug|Any CPU
		Release|Any CPU = Release|Any CPU
	EndGlobalSection
	GlobalSection(ProjectConfigurationPlatforms) = postSolution
		{426D2EA2-D92F-4D11-B78D-A823CAB8FE0D}.Debug|iPhoneSimulator.ActiveCfg = Debug|iPhoneSimulator
		{426D2EA2-D92F-4D11-B78D-A823CAB8FE0D}.Debug|iPhoneSimulator.Build.0 = Debug|iPhoneSimulator
		{426D2EA2-D92F-4D11-B78D-A823CAB8FE0D}.Release|iPhone.ActiveCfg = Release|iPhone
		{426D2EA2-D92F-4D11-B78D-A823CAB8FE0D}.Release|iPhone.Build.0 = Release|iPhone
		{426D2EA2-D92F-4D11-B78D-A823CAB8FE0D}.Release|iPhoneSimulator.ActiveCfg = Release|iPhoneSimulator
		{426D2EA2-D92F-4D11-B78D-A823CAB8FE0D}.Release|iPhoneSimulator.Build.0 = Release|iPhoneSimulator
		{426D2EA2-D92F-4D11-B78D-A823CAB8FE0D}.Debug|iPhone.ActiveCfg = Debug|iPhone
		{426D2EA2-D92F-4D11-B78D-A823CAB8FE0D}.Debug|iPhone.Build.0 = Debug|iPhone
		{426D2EA2-D92F-4D11-B78D-A823CAB8FE0D}.Debug|Any CPU.ActiveCfg = Debug|iPhoneSimulator
		{426D2EA2-D92F-4D11-B78D-A823CAB8FE0D}.Debug|Any CPU.Build.0 = Debug|iPhoneSimulator
		{426D2EA2-D92F-4D11-B78D-A823CAB8FE0D}.Release|Any CPU.ActiveCfg = Release|iPhone
		{426D2EA2-D92F-4D11-B78D-A823CAB8FE0D}.Release|Any CPU.Build.0 = Release|iPhone
		{344A4355-6F11-4C94-BCF8-8979C5A24223}.Debug|iPhoneSimulator.ActiveCfg = Debug|Any CPU
		{344A4355-6F11-4C94-BCF8-8979C5A24223}.Debug|iPhoneSimulator.Build.0 = Debug|Any CPU
		{344A4355-6F11-4C94-BCF8-8979C5A24223}.Release|iPhone.ActiveCfg = Release|Any CPU
		{344A4355-6F11-4C94-BCF8-8979C5A24223}.Release|iPhone.Build.0 = Release|Any CPU
		{344A4355-6F11-4C94-BCF8-8979C5A24223}.Release|iPhoneSimulator.ActiveCfg = Release|Any CPU
		{344A4355-6F11-4C94-BCF8-8979C5A24223}.Release|iPhoneSimulator.Build.0 = Release|Any CPU
		{344A4355-6F11-4C94-BCF8-8979C5A24223}.Debug|iPhone.ActiveCfg = Debug|Any CPU
		{344A4355-6F11-4C94-BCF8-8979C5A24223}.Debug|iPhone.Build.0 = Debug|Any CPU
		{344A4355-6F11-4C94-BCF8-8979C5A24223}.Debug|Any CPU.ActiveCfg = Debug|Any CPU
		{344A4355-6F11-4C94-BCF8-8979C5A24223}.Debug|Any CPU.Build.0 = Debug|Any CPU
		{344A4355-6F11-4C94-BCF8-8979C5A24223}.Release|Any CPU.ActiveCfg = Release|Any CPU
		{344A4355-6F11-4C94-BCF8-8979C5A24223}.Release|Any CPU.Build.0 = Release|Any CPU
	EndGlobalSection
EndGlobal
